// !$*UTF8*$!
{
	archiveVersion = 1;
	classes = {
	};
	objectVersion = 50;
	objects = {

/* Begin PBXBuildFile section */
		3A33E1D5220D9C32002A7D8B /* AppDelegate.swift in Sources */ = {isa = PBXBuildFile; fileRef = 3A33E1D4220D9C32002A7D8B /* AppDelegate.swift */; };
		3A33E1DA220D9C32002A7D8B /* Main.storyboard in Resources */ = {isa = PBXBuildFile; fileRef = 3A33E1D8220D9C32002A7D8B /* Main.storyboard */; };
		3A33E1DC220D9C35002A7D8B /* Assets.xcassets in Resources */ = {isa = PBXBuildFile; fileRef = 3A33E1DB220D9C35002A7D8B /* Assets.xcassets */; };
		3A33E1DF220D9C35002A7D8B /* LaunchScreen.storyboard in Resources */ = {isa = PBXBuildFile; fileRef = 3A33E1DD220D9C35002A7D8B /* LaunchScreen.storyboard */; };
		3A33E1EA220D9C35002A7D8B /* SuryaTests.swift in Sources */ = {isa = PBXBuildFile; fileRef = 3A33E1E9220D9C35002A7D8B /* SuryaTests.swift */; };
		3A33E1F6220DA81D002A7D8B /* SRHomeViewController.swift in Sources */ = {isa = PBXBuildFile; fileRef = 3A33E1F5220DA81D002A7D8B /* SRHomeViewController.swift */; };
		3A33E1F7220DA81D002A7D8B /* SRHomeViewController.swift in Sources */ = {isa = PBXBuildFile; fileRef = 3A33E1F5220DA81D002A7D8B /* SRHomeViewController.swift */; };
		3A33E1F9220DA83A002A7D8B /* SRUsersViewModel.swift in Sources */ = {isa = PBXBuildFile; fileRef = 3A33E1F8220DA83A002A7D8B /* SRUsersViewModel.swift */; };
		3A33E1FA220DA83A002A7D8B /* SRUsersViewModel.swift in Sources */ = {isa = PBXBuildFile; fileRef = 3A33E1F8220DA83A002A7D8B /* SRUsersViewModel.swift */; };
		3A33E1FC220DA845002A7D8B /* SRUserModel.swift in Sources */ = {isa = PBXBuildFile; fileRef = 3A33E1FB220DA845002A7D8B /* SRUserModel.swift */; };
		3A33E1FD220DA845002A7D8B /* SRUserModel.swift in Sources */ = {isa = PBXBuildFile; fileRef = 3A33E1FB220DA845002A7D8B /* SRUserModel.swift */; };
		3A33E1FF220DA863002A7D8B /* SRUsersDataModel.swift in Sources */ = {isa = PBXBuildFile; fileRef = 3A33E1FE220DA863002A7D8B /* SRUsersDataModel.swift */; };
		3A33E200220DA863002A7D8B /* SRUsersDataModel.swift in Sources */ = {isa = PBXBuildFile; fileRef = 3A33E1FE220DA863002A7D8B /* SRUsersDataModel.swift */; };
		3A33E204220DADA4002A7D8B /* SRNetworkLayer.swift in Sources */ = {isa = PBXBuildFile; fileRef = 3A33E203220DADA4002A7D8B /* SRNetworkLayer.swift */; };
		3A33E205220DADA4002A7D8B /* SRNetworkLayer.swift in Sources */ = {isa = PBXBuildFile; fileRef = 3A33E203220DADA4002A7D8B /* SRNetworkLayer.swift */; };
		3A33E207220DB39B002A7D8B /* SRNetworkUtils.swift in Sources */ = {isa = PBXBuildFile; fileRef = 3A33E206220DB39B002A7D8B /* SRNetworkUtils.swift */; };
		3A33E208220DB39B002A7D8B /* SRNetworkUtils.swift in Sources */ = {isa = PBXBuildFile; fileRef = 3A33E206220DB39B002A7D8B /* SRNetworkUtils.swift */; };
		3A33E20B220DB86B002A7D8B /* NetworkLayerTest.swift in Sources */ = {isa = PBXBuildFile; fileRef = 3A33E20A220DB86B002A7D8B /* NetworkLayerTest.swift */; };
		3A469EF4220EAA7800D1E665 /* SRStorageHandler.swift in Sources */ = {isa = PBXBuildFile; fileRef = 3A469EF3220EAA7800D1E665 /* SRStorageHandler.swift */; };
		3A469EF5220EAA7800D1E665 /* SRStorageHandler.swift in Sources */ = {isa = PBXBuildFile; fileRef = 3A469EF3220EAA7800D1E665 /* SRStorageHandler.swift */; };
		3A469EF8220EAB8F00D1E665 /* SRStorageTest.swift in Sources */ = {isa = PBXBuildFile; fileRef = 3A469EF7220EAB8F00D1E665 /* SRStorageTest.swift */; };
		3A469EFA220EB23E00D1E665 /* SRUserTableViewCell.swift in Sources */ = {isa = PBXBuildFile; fileRef = 3A469EF9220EB23E00D1E665 /* SRUserTableViewCell.swift */; };
		3A469EFC220EB56800D1E665 /* SRUserTableViewCell.swift in Sources */ = {isa = PBXBuildFile; fileRef = 3A469EF9220EB23E00D1E665 /* SRUserTableViewCell.swift */; };
		718974A75547391F973CAE2E /* Pods_Surya.framework in Frameworks */ = {isa = PBXBuildFile; fileRef = 245C0D9BEE82FB061D644883 /* Pods_Surya.framework */; };
		81CB60635DBDE430022299E5 /* Pods_SuryaTests.framework in Frameworks */ = {isa = PBXBuildFile; fileRef = 7245CE8D80EBE08B2ABC4539 /* Pods_SuryaTests.framework */; };
/* End PBXBuildFile section */

/* Begin PBXContainerItemProxy section */
		3A33E1E6220D9C35002A7D8B /* PBXContainerItemProxy */ = {
			isa = PBXContainerItemProxy;
			containerPortal = 3A33E1C9220D9C32002A7D8B /* Project object */;
			proxyType = 1;
			remoteGlobalIDString = 3A33E1D0220D9C32002A7D8B;
			remoteInfo = Surya;
		};
/* End PBXContainerItemProxy section */

/* Begin PBXFileReference section */
		1D474911B46C6D3497EF72AC /* Pods-SuryaTests.release.xcconfig */ = {isa = PBXFileReference; includeInIndex = 1; lastKnownFileType = text.xcconfig; name = "Pods-SuryaTests.release.xcconfig"; path = "Pods/Target Support Files/Pods-SuryaTests/Pods-SuryaTests.release.xcconfig"; sourceTree = "<group>"; };
		245C0D9BEE82FB061D644883 /* Pods_Surya.framework */ = {isa = PBXFileReference; explicitFileType = wrapper.framework; includeInIndex = 0; path = Pods_Surya.framework; sourceTree = BUILT_PRODUCTS_DIR; };
		3A33E1D1220D9C32002A7D8B /* Surya.app */ = {isa = PBXFileReference; explicitFileType = wrapper.application; includeInIndex = 0; path = Surya.app; sourceTree = BUILT_PRODUCTS_DIR; };
		3A33E1D4220D9C32002A7D8B /* AppDelegate.swift */ = {isa = PBXFileReference; lastKnownFileType = sourcecode.swift; path = AppDelegate.swift; sourceTree = "<group>"; };
		3A33E1D9220D9C32002A7D8B /* Base */ = {isa = PBXFileReference; lastKnownFileType = file.storyboard; name = Base; path = Base.lproj/Main.storyboard; sourceTree = "<group>"; };
		3A33E1DB220D9C35002A7D8B /* Assets.xcassets */ = {isa = PBXFileReference; lastKnownFileType = folder.assetcatalog; path = Assets.xcassets; sourceTree = "<group>"; };
		3A33E1DE220D9C35002A7D8B /* Base */ = {isa = PBXFileReference; lastKnownFileType = file.storyboard; name = Base; path = Base.lproj/LaunchScreen.storyboard; sourceTree = "<group>"; };
		3A33E1E0220D9C35002A7D8B /* Info.plist */ = {isa = PBXFileReference; lastKnownFileType = text.plist.xml; path = Info.plist; sourceTree = "<group>"; };
		3A33E1E5220D9C35002A7D8B /* SuryaTests.xctest */ = {isa = PBXFileReference; explicitFileType = wrapper.cfbundle; includeInIndex = 0; path = SuryaTests.xctest; sourceTree = BUILT_PRODUCTS_DIR; };
		3A33E1E9220D9C35002A7D8B /* SuryaTests.swift */ = {isa = PBXFileReference; lastKnownFileType = sourcecode.swift; path = SuryaTests.swift; sourceTree = "<group>"; };
		3A33E1EB220D9C35002A7D8B /* Info.plist */ = {isa = PBXFileReference; lastKnownFileType = text.plist.xml; path = Info.plist; sourceTree = "<group>"; };
		3A33E1F5220DA81D002A7D8B /* SRHomeViewController.swift */ = {isa = PBXFileReference; fileEncoding = 4; lastKnownFileType = sourcecode.swift; path = SRHomeViewController.swift; sourceTree = "<group>"; };
		3A33E1F8220DA83A002A7D8B /* SRUsersViewModel.swift */ = {isa = PBXFileReference; lastKnownFileType = sourcecode.swift; path = SRUsersViewModel.swift; sourceTree = "<group>"; };
		3A33E1FB220DA845002A7D8B /* SRUserModel.swift */ = {isa = PBXFileReference; lastKnownFileType = sourcecode.swift; path = SRUserModel.swift; sourceTree = "<group>"; };
		3A33E1FE220DA863002A7D8B /* SRUsersDataModel.swift */ = {isa = PBXFileReference; lastKnownFileType = sourcecode.swift; path = SRUsersDataModel.swift; sourceTree = "<group>"; };
		3A33E203220DADA4002A7D8B /* SRNetworkLayer.swift */ = {isa = PBXFileReference; lastKnownFileType = sourcecode.swift; path = SRNetworkLayer.swift; sourceTree = "<group>"; };
		3A33E206220DB39B002A7D8B /* SRNetworkUtils.swift */ = {isa = PBXFileReference; lastKnownFileType = sourcecode.swift; path = SRNetworkUtils.swift; sourceTree = "<group>"; };
		3A33E20A220DB86B002A7D8B /* NetworkLayerTest.swift */ = {isa = PBXFileReference; lastKnownFileType = sourcecode.swift; path = NetworkLayerTest.swift; sourceTree = "<group>"; };
		3A469EF3220EAA7800D1E665 /* SRStorageHandler.swift */ = {isa = PBXFileReference; lastKnownFileType = sourcecode.swift; path = SRStorageHandler.swift; sourceTree = "<group>"; };
		3A469EF7220EAB8F00D1E665 /* SRStorageTest.swift */ = {isa = PBXFileReference; lastKnownFileType = sourcecode.swift; path = SRStorageTest.swift; sourceTree = "<group>"; };
		3A469EF9220EB23E00D1E665 /* SRUserTableViewCell.swift */ = {isa = PBXFileReference; lastKnownFileType = sourcecode.swift; path = SRUserTableViewCell.swift; sourceTree = "<group>"; };
		51438DEE06946382D4FA68B2 /* Pods-Surya.release.xcconfig */ = {isa = PBXFileReference; includeInIndex = 1; lastKnownFileType = text.xcconfig; name = "Pods-Surya.release.xcconfig"; path = "Pods/Target Support Files/Pods-Surya/Pods-Surya.release.xcconfig"; sourceTree = "<group>"; };
		6F47E869FC6C9FA151D0B0A4 /* Pods-SuryaTests.debug.xcconfig */ = {isa = PBXFileReference; includeInIndex = 1; lastKnownFileType = text.xcconfig; name = "Pods-SuryaTests.debug.xcconfig"; path = "Pods/Target Support Files/Pods-SuryaTests/Pods-SuryaTests.debug.xcconfig"; sourceTree = "<group>"; };
		7245CE8D80EBE08B2ABC4539 /* Pods_SuryaTests.framework */ = {isa = PBXFileReference; explicitFileType = wrapper.framework; includeInIndex = 0; path = Pods_SuryaTests.framework; sourceTree = BUILT_PRODUCTS_DIR; };
		C8AADC80399A66EE2997932E /* Pods-Surya.debug.xcconfig */ = {isa = PBXFileReference; includeInIndex = 1; lastKnownFileType = text.xcconfig; name = "Pods-Surya.debug.xcconfig"; path = "Pods/Target Support Files/Pods-Surya/Pods-Surya.debug.xcconfig"; sourceTree = "<group>"; };
/* End PBXFileReference section */

/* Begin PBXFrameworksBuildPhase section */
		3A33E1CE220D9C32002A7D8B /* Frameworks */ = {
			isa = PBXFrameworksBuildPhase;
			buildActionMask = 2147483647;
			files = (
				718974A75547391F973CAE2E /* Pods_Surya.framework in Frameworks */,
			);
			runOnlyForDeploymentPostprocessing = 0;
		};
		3A33E1E2220D9C35002A7D8B /* Frameworks */ = {
			isa = PBXFrameworksBuildPhase;
			buildActionMask = 2147483647;
			files = (
				81CB60635DBDE430022299E5 /* Pods_SuryaTests.framework in Frameworks */,
			);
			runOnlyForDeploymentPostprocessing = 0;
		};
/* End PBXFrameworksBuildPhase section */

/* Begin PBXGroup section */
		3A33E1C8220D9C32002A7D8B = {
			isa = PBXGroup;
			children = (
				3A33E1D3220D9C32002A7D8B /* Surya */,
				3A33E1E8220D9C35002A7D8B /* SuryaTests */,
				3A33E1D2220D9C32002A7D8B /* Products */,
				D68B6EFE473FC2B80C1DC792 /* Pods */,
				C862674DE7637FBBB61863C5 /* Frameworks */,
			);
			sourceTree = "<group>";
		};
		3A33E1D2220D9C32002A7D8B /* Products */ = {
			isa = PBXGroup;
			children = (
				3A33E1D1220D9C32002A7D8B /* Surya.app */,
				3A33E1E5220D9C35002A7D8B /* SuryaTests.xctest */,
			);
			name = Products;
			sourceTree = "<group>";
		};
		3A33E1D3220D9C32002A7D8B /* Surya */ = {
			isa = PBXGroup;
			children = (
				3A33E1D4220D9C32002A7D8B /* AppDelegate.swift */,
				3A469EF2220EAA5E00D1E665 /* StorageHandler */,
				3A33E202220DAD94002A7D8B /* Services */,
				3A33E1F4220DA81D002A7D8B /* HomePage */,
				3A33E1D8220D9C32002A7D8B /* Main.storyboard */,
				3A33E1DB220D9C35002A7D8B /* Assets.xcassets */,
				3A33E1DD220D9C35002A7D8B /* LaunchScreen.storyboard */,
				3A33E1E0220D9C35002A7D8B /* Info.plist */,
			);
			path = Surya;
			sourceTree = "<group>";
		};
		3A33E1E8220D9C35002A7D8B /* SuryaTests */ = {
			isa = PBXGroup;
			children = (
				3A469EF6220EAB7900D1E665 /* StorageTests */,
				3A33E209220DB84C002A7D8B /* NetworkTests */,
				3A33E1E9220D9C35002A7D8B /* SuryaTests.swift */,
				3A33E1EB220D9C35002A7D8B /* Info.plist */,
			);
			path = SuryaTests;
			sourceTree = "<group>";
		};
		3A33E1F4220DA81D002A7D8B /* HomePage */ = {
			isa = PBXGroup;
			children = (
				3A33E1F5220DA81D002A7D8B /* SRHomeViewController.swift */,
				3A33E1F8220DA83A002A7D8B /* SRUsersViewModel.swift */,
				3A33E1FE220DA863002A7D8B /* SRUsersDataModel.swift */,
				3A33E1FB220DA845002A7D8B /* SRUserModel.swift */,
				3A469EF9220EB23E00D1E665 /* SRUserTableViewCell.swift */,
			);
			path = HomePage;
			sourceTree = "<group>";
		};
		3A33E202220DAD94002A7D8B /* Services */ = {
			isa = PBXGroup;
			children = (
				3A33E203220DADA4002A7D8B /* SRNetworkLayer.swift */,
				3A33E206220DB39B002A7D8B /* SRNetworkUtils.swift */,
			);
			path = Services;
			sourceTree = "<group>";
		};
		3A33E209220DB84C002A7D8B /* NetworkTests */ = {
			isa = PBXGroup;
			children = (
				3A33E20A220DB86B002A7D8B /* NetworkLayerTest.swift */,
			);
			path = NetworkTests;
			sourceTree = "<group>";
		};
		3A469EF2220EAA5E00D1E665 /* StorageHandler */ = {
			isa = PBXGroup;
			children = (
				3A469EF3220EAA7800D1E665 /* SRStorageHandler.swift */,
			);
			path = StorageHandler;
			sourceTree = "<group>";
		};
		3A469EF6220EAB7900D1E665 /* StorageTests */ = {
			isa = PBXGroup;
			children = (
				3A469EF7220EAB8F00D1E665 /* SRStorageTest.swift */,
			);
			path = StorageTests;
			sourceTree = "<group>";
		};
		C862674DE7637FBBB61863C5 /* Frameworks */ = {
			isa = PBXGroup;
			children = (
				245C0D9BEE82FB061D644883 /* Pods_Surya.framework */,
				7245CE8D80EBE08B2ABC4539 /* Pods_SuryaTests.framework */,
			);
			name = Frameworks;
			sourceTree = "<group>";
		};
		D68B6EFE473FC2B80C1DC792 /* Pods */ = {
			isa = PBXGroup;
			children = (
				C8AADC80399A66EE2997932E /* Pods-Surya.debug.xcconfig */,
				51438DEE06946382D4FA68B2 /* Pods-Surya.release.xcconfig */,
				6F47E869FC6C9FA151D0B0A4 /* Pods-SuryaTests.debug.xcconfig */,
				1D474911B46C6D3497EF72AC /* Pods-SuryaTests.release.xcconfig */,
			);
			name = Pods;
			sourceTree = "<group>";
		};
/* End PBXGroup section */

/* Begin PBXNativeTarget section */
		3A33E1D0220D9C32002A7D8B /* Surya */ = {
			isa = PBXNativeTarget;
			buildConfigurationList = 3A33E1EE220D9C35002A7D8B /* Build configuration list for PBXNativeTarget "Surya" */;
			buildPhases = (
				D403DF9B97860F5472A8B505 /* [CP] Check Pods Manifest.lock */,
				3A33E1CD220D9C32002A7D8B /* Sources */,
				3A33E1CE220D9C32002A7D8B /* Frameworks */,
				3A33E1CF220D9C32002A7D8B /* Resources */,
				6BD3591C64A5C7A3CD04AE6A /* [CP] Embed Pods Frameworks */,
			);
			buildRules = (
			);
			dependencies = (
			);
			name = Surya;
			productName = Surya;
			productReference = 3A33E1D1220D9C32002A7D8B /* Surya.app */;
			productType = "com.apple.product-type.application";
		};
		3A33E1E4220D9C35002A7D8B /* SuryaTests */ = {
			isa = PBXNativeTarget;
			buildConfigurationList = 3A33E1F1220D9C35002A7D8B /* Build configuration list for PBXNativeTarget "SuryaTests" */;
			buildPhases = (
				419DFFF742F9306C2608F0A0 /* [CP] Check Pods Manifest.lock */,
				3A33E1E1220D9C35002A7D8B /* Sources */,
				3A33E1E2220D9C35002A7D8B /* Frameworks */,
				3A33E1E3220D9C35002A7D8B /* Resources */,
			);
			buildRules = (
			);
			dependencies = (
				3A33E1E7220D9C35002A7D8B /* PBXTargetDependency */,
			);
			name = SuryaTests;
			productName = SuryaTests;
			productReference = 3A33E1E5220D9C35002A7D8B /* SuryaTests.xctest */;
			productType = "com.apple.product-type.bundle.unit-test";
		};
/* End PBXNativeTarget section */

/* Begin PBXProject section */
		3A33E1C9220D9C32002A7D8B /* Project object */ = {
			isa = PBXProject;
			attributes = {
				LastSwiftUpdateCheck = 1010;
				LastUpgradeCheck = 1010;
				ORGANIZATIONNAME = RaviTeja;
				TargetAttributes = {
					3A33E1D0220D9C32002A7D8B = {
						CreatedOnToolsVersion = 10.1;
					};
					3A33E1E4220D9C35002A7D8B = {
						CreatedOnToolsVersion = 10.1;
						TestTargetID = 3A33E1D0220D9C32002A7D8B;
					};
				};
			};
			buildConfigurationList = 3A33E1CC220D9C32002A7D8B /* Build configuration list for PBXProject "Surya" */;
			compatibilityVersion = "Xcode 9.3";
			developmentRegion = en;
			hasScannedForEncodings = 0;
			knownRegions = (
				en,
				Base,
			);
			mainGroup = 3A33E1C8220D9C32002A7D8B;
			productRefGroup = 3A33E1D2220D9C32002A7D8B /* Products */;
			projectDirPath = "";
			projectRoot = "";
			targets = (
				3A33E1D0220D9C32002A7D8B /* Surya */,
				3A33E1E4220D9C35002A7D8B /* SuryaTests */,
			);
		};
/* End PBXProject section */

/* Begin PBXResourcesBuildPhase section */
		3A33E1CF220D9C32002A7D8B /* Resources */ = {
			isa = PBXResourcesBuildPhase;
			buildActionMask = 2147483647;
			files = (
				3A33E1DF220D9C35002A7D8B /* LaunchScreen.storyboard in Resources */,
				3A33E1DC220D9C35002A7D8B /* Assets.xcassets in Resources */,
				3A33E1DA220D9C32002A7D8B /* Main.storyboard in Resources */,
			);
			runOnlyForDeploymentPostprocessing = 0;
		};
		3A33E1E3220D9C35002A7D8B /* Resources */ = {
			isa = PBXResourcesBuildPhase;
			buildActionMask = 2147483647;
			files = (
			);
			runOnlyForDeploymentPostprocessing = 0;
		};
/* End PBXResourcesBuildPhase section */

/* Begin PBXShellScriptBuildPhase section */
		419DFFF742F9306C2608F0A0 /* [CP] Check Pods Manifest.lock */ = {
			isa = PBXShellScriptBuildPhase;
			buildActionMask = 2147483647;
			files = (
			);
			inputPaths = (
				"${PODS_PODFILE_DIR_PATH}/Podfile.lock",
				"${PODS_ROOT}/Manifest.lock",
			);
			name = "[CP] Check Pods Manifest.lock";
			outputPaths = (
				"$(DERIVED_FILE_DIR)/Pods-SuryaTests-checkManifestLockResult.txt",
			);
			runOnlyForDeploymentPostprocessing = 0;
			shellPath = /bin/sh;
			shellScript = "diff \"${PODS_PODFILE_DIR_PATH}/Podfile.lock\" \"${PODS_ROOT}/Manifest.lock\" > /dev/null\nif [ $? != 0 ] ; then\n    # print error to STDERR\n    echo \"error: The sandbox is not in sync with the Podfile.lock. Run 'pod install' or update your CocoaPods installation.\" >&2\n    exit 1\nfi\n# This output is used by Xcode 'outputs' to avoid re-running this script phase.\necho \"SUCCESS\" > \"${SCRIPT_OUTPUT_FILE_0}\"\n";
			showEnvVarsInLog = 0;
		};
		6BD3591C64A5C7A3CD04AE6A /* [CP] Embed Pods Frameworks */ = {
			isa = PBXShellScriptBuildPhase;
			buildActionMask = 2147483647;
			files = (
			);
			inputPaths = (
				"${SRCROOT}/Pods/Target Support Files/Pods-Surya/Pods-Surya-frameworks.sh",
				"${BUILT_PRODUCTS_DIR}/Alamofire/Alamofire.framework",
				"${BUILT_PRODUCTS_DIR}/AlamofireImage/AlamofireImage.framework",
				"${BUILT_PRODUCTS_DIR}/RxAlamofire/RxAlamofire.framework",
				"${BUILT_PRODUCTS_DIR}/RxAtomic/RxAtomic.framework",
				"${BUILT_PRODUCTS_DIR}/RxCocoa/RxCocoa.framework",
				"${BUILT_PRODUCTS_DIR}/RxSwift/RxSwift.framework",
				"${BUILT_PRODUCTS_DIR}/SwiftSpinner/SwiftSpinner.framework",
			);
			name = "[CP] Embed Pods Frameworks";
			outputPaths = (
				"${TARGET_BUILD_DIR}/${FRAMEWORKS_FOLDER_PATH}/Alamofire.framework",
				"${TARGET_BUILD_DIR}/${FRAMEWORKS_FOLDER_PATH}/AlamofireImage.framework",
				"${TARGET_BUILD_DIR}/${FRAMEWORKS_FOLDER_PATH}/RxAlamofire.framework",
				"${TARGET_BUILD_DIR}/${FRAMEWORKS_FOLDER_PATH}/RxAtomic.framework",
				"${TARGET_BUILD_DIR}/${FRAMEWORKS_FOLDER_PATH}/RxCocoa.framework",
				"${TARGET_BUILD_DIR}/${FRAMEWORKS_FOLDER_PATH}/RxSwift.framework",
				"${TARGET_BUILD_DIR}/${FRAMEWORKS_FOLDER_PATH}/SwiftSpinner.framework",
			);
			runOnlyForDeploymentPostprocessing = 0;
			shellPath = /bin/sh;
			shellScript = "\"${SRCROOT}/Pods/Target Support Files/Pods-Surya/Pods-Surya-frameworks.sh\"\n";
			showEnvVarsInLog = 0;
		};
		D403DF9B97860F5472A8B505 /* [CP] Check Pods Manifest.lock */ = {
			isa = PBXShellScriptBuildPhase;
			buildActionMask = 2147483647;
			files = (
			);
			inputPaths = (
				"${PODS_PODFILE_DIR_PATH}/Podfile.lock",
				"${PODS_ROOT}/Manifest.lock",
			);
			name = "[CP] Check Pods Manifest.lock";
			outputPaths = (
				"$(DERIVED_FILE_DIR)/Pods-Surya-checkManifestLockResult.txt",
			);
			runOnlyForDeploymentPostprocessing = 0;
			shellPath = /bin/sh;
			shellScript = "diff \"${PODS_PODFILE_DIR_PATH}/Podfile.lock\" \"${PODS_ROOT}/Manifest.lock\" > /dev/null\nif [ $? != 0 ] ; then\n    # print error to STDERR\n    echo \"error: The sandbox is not in sync with the Podfile.lock. Run 'pod install' or update your CocoaPods installation.\" >&2\n    exit 1\nfi\n# This output is used by Xcode 'outputs' to avoid re-running this script phase.\necho \"SUCCESS\" > \"${SCRIPT_OUTPUT_FILE_0}\"\n";
			showEnvVarsInLog = 0;
		};
/* End PBXShellScriptBuildPhase section */

/* Begin PBXSourcesBuildPhase section */
		3A33E1CD220D9C32002A7D8B /* Sources */ = {
			isa = PBXSourcesBuildPhase;
			buildActionMask = 2147483647;
			files = (
				3A33E204220DADA4002A7D8B /* SRNetworkLayer.swift in Sources */,
				3A469EF4220EAA7800D1E665 /* SRStorageHandler.swift in Sources */,
				3A33E1D5220D9C32002A7D8B /* AppDelegate.swift in Sources */,
				3A33E1F9220DA83A002A7D8B /* SRUsersViewModel.swift in Sources */,
				3A33E1FC220DA845002A7D8B /* SRUserModel.swift in Sources */,
				3A33E1F6220DA81D002A7D8B /* SRHomeViewController.swift in Sources */,
				3A33E207220DB39B002A7D8B /* SRNetworkUtils.swift in Sources */,
				3A469EFA220EB23E00D1E665 /* SRUserTableViewCell.swift in Sources */,
				3A33E1FF220DA863002A7D8B /* SRUsersDataModel.swift in Sources */,
			);
			runOnlyForDeploymentPostprocessing = 0;
		};
		3A33E1E1220D9C35002A7D8B /* Sources */ = {
			isa = PBXSourcesBuildPhase;
			buildActionMask = 2147483647;
			files = (
				3A469EF8220EAB8F00D1E665 /* SRStorageTest.swift in Sources */,
				3A33E20B220DB86B002A7D8B /* NetworkLayerTest.swift in Sources */,
				3A33E205220DADA4002A7D8B /* SRNetworkLayer.swift in Sources */,
				3A33E1EA220D9C35002A7D8B /* SuryaTests.swift in Sources */,
				3A469EF5220EAA7800D1E665 /* SRStorageHandler.swift in Sources */,
				3A33E1FA220DA83A002A7D8B /* SRUsersViewModel.swift in Sources */,
				3A33E1FD220DA845002A7D8B /* SRUserModel.swift in Sources */,
				3A33E1F7220DA81D002A7D8B /* SRHomeViewController.swift in Sources */,
				3A33E208220DB39B002A7D8B /* SRNetworkUtils.swift in Sources */,
				3A33E200220DA863002A7D8B /* SRUsersDataModel.swift in Sources */,
				3A469EFC220EB56800D1E665 /* SRUserTableViewCell.swift in Sources */,
			);
			runOnlyForDeploymentPostprocessing = 0;
		};
/* End PBXSourcesBuildPhase section */

/* Begin PBXTargetDependency section */
		3A33E1E7220D9C35002A7D8B /* PBXTargetDependency */ = {
			isa = PBXTargetDependency;
			target = 3A33E1D0220D9C32002A7D8B /* Surya */;
			targetProxy = 3A33E1E6220D9C35002A7D8B /* PBXContainerItemProxy */;
		};
/* End PBXTargetDependency section */

/* Begin PBXVariantGroup section */
		3A33E1D8220D9C32002A7D8B /* Main.storyboard */ = {
			isa = PBXVariantGroup;
			children = (
				3A33E1D9220D9C32002A7D8B /* Base */,
			);
			name = Main.storyboard;
			sourceTree = "<group>";
		};
		3A33E1DD220D9C35002A7D8B /* LaunchScreen.storyboard */ = {
			isa = PBXVariantGroup;
			children = (
				3A33E1DE220D9C35002A7D8B /* Base */,
			);
			name = LaunchScreen.storyboard;
			sourceTree = "<group>";
		};
/* End PBXVariantGroup section */

/* Begin XCBuildConfiguration section */
		3A33E1EC220D9C35002A7D8B /* Debug */ = {
			isa = XCBuildConfiguration;
			buildSettings = {
				ALWAYS_SEARCH_USER_PATHS = NO;
				CLANG_ANALYZER_NONNULL = YES;
				CLANG_ANALYZER_NUMBER_OBJECT_CONVERSION = YES_AGGRESSIVE;
				CLANG_CXX_LANGUAGE_STANDARD = "gnu++14";
				CLANG_CXX_LIBRARY = "libc++";
				CLANG_ENABLE_MODULES = YES;
				CLANG_ENABLE_OBJC_ARC = YES;
				CLANG_ENABLE_OBJC_WEAK = YES;
				CLANG_WARN_BLOCK_CAPTURE_AUTORELEASING = YES;
				CLANG_WARN_BOOL_CONVERSION = YES;
				CLANG_WARN_COMMA = YES;
				CLANG_WARN_CONSTANT_CONVERSION = YES;
				CLANG_WARN_DEPRECATED_OBJC_IMPLEMENTATIONS = YES;
				CLANG_WARN_DIRECT_OBJC_ISA_USAGE = YES_ERROR;
				CLANG_WARN_DOCUMENTATION_COMMENTS = YES;
				CLANG_WARN_EMPTY_BODY = YES;
				CLANG_WARN_ENUM_CONVERSION = YES;
				CLANG_WARN_INFINITE_RECURSION = YES;
				CLANG_WARN_INT_CONVERSION = YES;
				CLANG_WARN_NON_LITERAL_NULL_CONVERSION = YES;
				CLANG_WARN_OBJC_IMPLICIT_RETAIN_SELF = YES;
				CLANG_WARN_OBJC_LITERAL_CONVERSION = YES;
				CLANG_WARN_OBJC_ROOT_CLASS = YES_ERROR;
				CLANG_WARN_RANGE_LOOP_ANALYSIS = YES;
				CLANG_WARN_STRICT_PROTOTYPES = YES;
				CLANG_WARN_SUSPICIOUS_MOVE = YES;
				CLANG_WARN_UNGUARDED_AVAILABILITY = YES_AGGRESSIVE;
				CLANG_WARN_UNREACHABLE_CODE = YES;
				CLANG_WARN__DUPLICATE_METHOD_MATCH = YES;
				CODE_SIGN_IDENTITY = "iPhone Developer";
				COPY_PHASE_STRIP = NO;
				DEBUG_INFORMATION_FORMAT = dwarf;
				ENABLE_STRICT_OBJC_MSGSEND = YES;
				ENABLE_TESTABILITY = YES;
				GCC_C_LANGUAGE_STANDARD = gnu11;
				GCC_DYNAMIC_NO_PIC = NO;
				GCC_NO_COMMON_BLOCKS = YES;
				GCC_OPTIMIZATION_LEVEL = 0;
				GCC_PREPROCESSOR_DEFINITIONS = (
					"DEBUG=1",
					"$(inherited)",
				);
				GCC_WARN_64_TO_32_BIT_CONVERSION = YES;
				GCC_WARN_ABOUT_RETURN_TYPE = YES_ERROR;
				GCC_WARN_UNDECLARED_SELECTOR = YES;
				GCC_WARN_UNINITIALIZED_AUTOS = YES_AGGRESSIVE;
				GCC_WARN_UNUSED_FUNCTION = YES;
				GCC_WARN_UNUSED_VARIABLE = YES;
				IPHONEOS_DEPLOYMENT_TARGET = 12.1;
				MTL_ENABLE_DEBUG_INFO = INCLUDE_SOURCE;
				MTL_FAST_MATH = YES;
				ONLY_ACTIVE_ARCH = YES;
				SDKROOT = iphoneos;
				SWIFT_ACTIVE_COMPILATION_CONDITIONS = DEBUG;
				SWIFT_OPTIMIZATION_LEVEL = "-Onone";
			};
			name = Debug;
		};
		3A33E1ED220D9C35002A7D8B /* Release */ = {
			isa = XCBuildConfiguration;
			buildSettings = {
				ALWAYS_SEARCH_USER_PATHS = NO;
				CLANG_ANALYZER_NONNULL = YES;
				CLANG_ANALYZER_NUMBER_OBJECT_CONVERSION = YES_AGGRESSIVE;
				CLANG_CXX_LANGUAGE_STANDARD = "gnu++14";
				CLANG_CXX_LIBRARY = "libc++";
				CLANG_ENABLE_MODULES = YES;
				CLANG_ENABLE_OBJC_ARC = YES;
				CLANG_ENABLE_OBJC_WEAK = YES;
				CLANG_WARN_BLOCK_CAPTURE_AUTORELEASING = YES;
				CLANG_WARN_BOOL_CONVERSION = YES;
				CLANG_WARN_COMMA = YES;
				CLANG_WARN_CONSTANT_CONVERSION = YES;
				CLANG_WARN_DEPRECATED_OBJC_IMPLEMENTATIONS = YES;
				CLANG_WARN_DIRECT_OBJC_ISA_USAGE = YES_ERROR;
				CLANG_WARN_DOCUMENTATION_COMMENTS = YES;
				CLANG_WARN_EMPTY_BODY = YES;
				CLANG_WARN_ENUM_CONVERSION = YES;
				CLANG_WARN_INFINITE_RECURSION = YES;
				CLANG_WARN_INT_CONVERSION = YES;
				CLANG_WARN_NON_LITERAL_NULL_CONVERSION = YES;
				CLANG_WARN_OBJC_IMPLICIT_RETAIN_SELF = YES;
				CLANG_WARN_OBJC_LITERAL_CONVERSION = YES;
				CLANG_WARN_OBJC_ROOT_CLASS = YES_ERROR;
				CLANG_WARN_RANGE_LOOP_ANALYSIS = YES;
				CLANG_WARN_STRICT_PROTOTYPES = YES;
				CLANG_WARN_SUSPICIOUS_MOVE = YES;
				CLANG_WARN_UNGUARDED_AVAILABILITY = YES_AGGRESSIVE;
				CLANG_WARN_UNREACHABLE_CODE = YES;
				CLANG_WARN__DUPLICATE_METHOD_MATCH = YES;
				CODE_SIGN_IDENTITY = "iPhone Developer";
				COPY_PHASE_STRIP = NO;
				DEBUG_INFORMATION_FORMAT = "dwarf-with-dsym";
				ENABLE_NS_ASSERTIONS = NO;
				ENABLE_STRICT_OBJC_MSGSEND = YES;
				GCC_C_LANGUAGE_STANDARD = gnu11;
				GCC_NO_COMMON_BLOCKS = YES;
				GCC_WARN_64_TO_32_BIT_CONVERSION = YES;
				GCC_WARN_ABOUT_RETURN_TYPE = YES_ERROR;
				GCC_WARN_UNDECLARED_SELECTOR = YES;
				GCC_WARN_UNINITIALIZED_AUTOS = YES_AGGRESSIVE;
				GCC_WARN_UNUSED_FUNCTION = YES;
				GCC_WARN_UNUSED_VARIABLE = YES;
				IPHONEOS_DEPLOYMENT_TARGET = 12.1;
				MTL_ENABLE_DEBUG_INFO = NO;
				MTL_FAST_MATH = YES;
				SDKROOT = iphoneos;
				SWIFT_COMPILATION_MODE = wholemodule;
				SWIFT_OPTIMIZATION_LEVEL = "-O";
				VALIDATE_PRODUCT = YES;
			};
			name = Release;
		};
		3A33E1EF220D9C35002A7D8B /* Debug */ = {
			isa = XCBuildConfiguration;
			baseConfigurationReference = C8AADC80399A66EE2997932E /* Pods-Surya.debug.xcconfig */;
			buildSettings = {
				ASSETCATALOG_COMPILER_APPICON_NAME = AppIcon;
				CODE_SIGN_STYLE = Automatic;
				DEVELOPMENT_TEAM = GPTN7DY2J3;
				INFOPLIST_FILE = Surya/Info.plist;
				IPHONEOS_DEPLOYMENT_TARGET = 12.0;
				LD_RUNPATH_SEARCH_PATHS = "$(inherited) @executable_path/Frameworks";
				PRODUCT_BUNDLE_IDENTIFIER = ravi.Surya;
				PRODUCT_NAME = "$(TARGET_NAME)";
				SWIFT_VERSION = 4.2;
				TARGETED_DEVICE_FAMILY = "1,2";
			};
			name = Debug;
		};
		3A33E1F0220D9C35002A7D8B /* Release */ = {
			isa = XCBuildConfiguration;
			baseConfigurationReference = 51438DEE06946382D4FA68B2 /* Pods-Surya.release.xcconfig */;
			buildSettings = {
				ASSETCATALOG_COMPILER_APPICON_NAME = AppIcon;
				CODE_SIGN_STYLE = Automatic;
				DEVELOPMENT_TEAM = GPTN7DY2J3;
				INFOPLIST_FILE = Surya/Info.plist;
				IPHONEOS_DEPLOYMENT_TARGET = 12.0;
				LD_RUNPATH_SEARCH_PATHS = "$(inherited) @executable_path/Frameworks";
				PRODUCT_BUNDLE_IDENTIFIER = ravi.Surya;
				PRODUCT_NAME = "$(TARGET_NAME)";
				SWIFT_VERSION = 4.2;
				TARGETED_DEVICE_FAMILY = "1,2";
			};
			name = Release;
		};
		3A33E1F2220D9C35002A7D8B /* Debug */ = {
			isa = XCBuildConfiguration;
			baseConfigurationReference = 6F47E869FC6C9FA151D0B0A4 /* Pods-SuryaTests.debug.xcconfig */;
			buildSettings = {
				ALWAYS_EMBED_SWIFT_STANDARD_LIBRARIES = YES;
				BUNDLE_LOADER = "$(TEST_HOST)";
				CODE_SIGN_STYLE = Automatic;
				DEVELOPMENT_TEAM = GPTN7DY2J3;
				INFOPLIST_FILE = SuryaTests/Info.plist;
				LD_RUNPATH_SEARCH_PATHS = "$(inherited) @executable_path/Frameworks @loader_path/Frameworks";
				PRODUCT_BUNDLE_IDENTIFIER = ravi.SuryaTests;
				PRODUCT_NAME = "$(TARGET_NAME)";
				SWIFT_VERSION = 4.2;
				TARGETED_DEVICE_FAMILY = "1,2";
				TEST_HOST = "$(BUILT_PRODUCTS_DIR)/Surya.app/Surya";
			};
			name = Debug;
		};
		3A33E1F3220D9C35002A7D8B /* Release */ = {
			isa = XCBuildConfiguration;
			baseConfigurationReference = 1D474911B46C6D3497EF72AC /* Pods-SuryaTests.release.xcconfig */;
			buildSettings = {
				ALWAYS_EMBED_SWIFT_STANDARD_LIBRARIES = YES;
				BUNDLE_LOADER = "$(TEST_HOST)";
				CODE_SIGN_STYLE = Automatic;
				DEVELOPMENT_TEAM = GPTN7DY2J3;
				INFOPLIST_FILE = SuryaTests/Info.plist;
				LD_RUNPATH_SEARCH_PATHS = "$(inherited) @executable_path/Frameworks @loader_path/Frameworks";
				PRODUCT_BUNDLE_IDENTIFIER = ravi.SuryaTests;
				PRODUCT_NAME = "$(TARGET_NAME)";
				SWIFT_VERSION = 4.2;
				TARGETED_DEVICE_FAMILY = "1,2";
				TEST_HOST = "$(BUILT_PRODUCTS_DIR)/Surya.app/Surya";
			};
			name = Release;
		};
/* End XCBuildConfiguration section */

/* Begin XCConfigurationList section */
		3A33E1CC220D9C32002A7D8B /* Build configuration list for PBXProject "Surya" */ = {
			isa = XCConfigurationList;
			buildConfigurations = (
				3A33E1EC220D9C35002A7D8B /* Debug */,
				3A33E1ED220D9C35002A7D8B /* Release */,
			);
			defaultConfigurationIsVisible = 0;
			defaultConfigurationName = Release;
		};
		3A33E1EE220D9C35002A7D8B /* Build configuration list for PBXNativeTarget "Surya" */ = {
			isa = XCConfigurationList;
			buildConfigurations = (
				3A33E1EF220D9C35002A7D8B /* Debug */,
				3A33E1F0220D9C35002A7D8B /* Release */,
			);
			defaultConfigurationIsVisible = 0;
			defaultConfigurationName = Release;
		};
		3A33E1F1220D9C35002A7D8B /* Build configuration list for PBXNativeTarget "SuryaTests" */ = {
			isa = XCConfigurationList;
			buildConfigurations = (
				3A33E1F2220D9C35002A7D8B /* Debug */,
				3A33E1F3220D9C35002A7D8B /* Release */,
			);
			defaultConfigurationIsVisible = 0;
			defaultConfigurationName = Release;
		};
/* End XCConfigurationList section */
	};
	rootObject = 3A33E1C9220D9C32002A7D8B /* Project object */;
}
